// !$*UTF8*$!
{
	archiveVersion = 1;
	classes = {
	};
	objectVersion = 46;
	objects = {

/* Begin PBXBuildFile section */
		70B3EE55314D835554FE9C0C /* Pods_MantleArrayExtensionTests.framework in Frameworks */ = {isa = PBXBuildFile; fileRef = 0A4F308B402447A74AE9767A /* Pods_MantleArrayExtensionTests.framework */; };
		A456FC601E3DA2BA002EA7B0 /* MAEArrayAdapterTests.m in Sources */ = {isa = PBXBuildFile; fileRef = A456FC5F1E3DA2BA002EA7B0 /* MAEArrayAdapterTests.m */; };
		A456FC651E3DA35C002EA7B0 /* MAETModel.m in Sources */ = {isa = PBXBuildFile; fileRef = A456FC641E3DA35C002EA7B0 /* MAETModel.m */; };
		A456FC6B1E3DC589002EA7B0 /* MAESeparatedStringTests.m in Sources */ = {isa = PBXBuildFile; fileRef = A456FC6A1E3DC589002EA7B0 /* MAESeparatedStringTests.m */; };
		A456FC6D1E3E0A31002EA7B0 /* MAEFragmentTests.m in Sources */ = {isa = PBXBuildFile; fileRef = A456FC6C1E3E0A31002EA7B0 /* MAEFragmentTests.m */; };
/* End PBXBuildFile section */

/* Begin PBXFileReference section */
		0A4F308B402447A74AE9767A /* Pods_MantleArrayExtensionTests.framework */ = {isa = PBXFileReference; explicitFileType = wrapper.framework; includeInIndex = 0; path = Pods_MantleArrayExtensionTests.framework; sourceTree = BUILT_PRODUCTS_DIR; };
		8ED6D9B35B13FDBCE0B2AF7C /* Pods-MantleArrayExtensionTests.debug.xcconfig */ = {isa = PBXFileReference; includeInIndex = 1; lastKnownFileType = text.xcconfig; name = "Pods-MantleArrayExtensionTests.debug.xcconfig"; path = "Pods/Target Support Files/Pods-MantleArrayExtensionTests/Pods-MantleArrayExtensionTests.debug.xcconfig"; sourceTree = "<group>"; };
		A456FC4D1E3A5375002EA7B0 /* MantleArrayExtensionTests.xctest */ = {isa = PBXFileReference; explicitFileType = wrapper.cfbundle; includeInIndex = 0; path = MantleArrayExtensionTests.xctest; sourceTree = BUILT_PRODUCTS_DIR; };
		A456FC511E3A5375002EA7B0 /* Info.plist */ = {isa = PBXFileReference; lastKnownFileType = text.plist.xml; path = Info.plist; sourceTree = "<group>"; };
		A456FC5F1E3DA2BA002EA7B0 /* MAEArrayAdapterTests.m */ = {isa = PBXFileReference; fileEncoding = 4; lastKnownFileType = sourcecode.c.objc; path = MAEArrayAdapterTests.m; sourceTree = "<group>"; };
		A456FC611E3DA2CD002EA7B0 /* MantleArrayExtension-Prefix.pch */ = {isa = PBXFileReference; lastKnownFileType = sourcecode.c.h; path = "MantleArrayExtension-Prefix.pch"; sourceTree = "<group>"; };
		A456FC631E3DA35C002EA7B0 /* MAETModel.h */ = {isa = PBXFileReference; fileEncoding = 4; lastKnownFileType = sourcecode.c.h; path = MAETModel.h; sourceTree = "<group>"; };
		A456FC641E3DA35C002EA7B0 /* MAETModel.m */ = {isa = PBXFileReference; fileEncoding = 4; lastKnownFileType = sourcecode.c.objc; path = MAETModel.m; sourceTree = "<group>"; };
		A456FC6A1E3DC589002EA7B0 /* MAESeparatedStringTests.m */ = {isa = PBXFileReference; fileEncoding = 4; lastKnownFileType = sourcecode.c.objc; path = MAESeparatedStringTests.m; sourceTree = "<group>"; };
		A456FC6C1E3E0A31002EA7B0 /* MAEFragmentTests.m */ = {isa = PBXFileReference; fileEncoding = 4; lastKnownFileType = sourcecode.c.objc; path = MAEFragmentTests.m; sourceTree = "<group>"; };
		E4D1EFE56F28CCF5700D7E54 /* Pods-MantleArrayExtensionTests.release.xcconfig */ = {isa = PBXFileReference; includeInIndex = 1; lastKnownFileType = text.xcconfig; name = "Pods-MantleArrayExtensionTests.release.xcconfig"; path = "Pods/Target Support Files/Pods-MantleArrayExtensionTests/Pods-MantleArrayExtensionTests.release.xcconfig"; sourceTree = "<group>"; };
/* End PBXFileReference section */

/* Begin PBXFrameworksBuildPhase section */
		A456FC4A1E3A5375002EA7B0 /* Frameworks */ = {
			isa = PBXFrameworksBuildPhase;
			buildActionMask = 2147483647;
			files = (
				70B3EE55314D835554FE9C0C /* Pods_MantleArrayExtensionTests.framework in Frameworks */,
			);
			runOnlyForDeploymentPostprocessing = 0;
		};
/* End PBXFrameworksBuildPhase section */

/* Begin PBXGroup section */
		12105E5A6875B38B5DD0E40B /* Frameworks */ = {
			isa = PBXGroup;
			children = (
				0A4F308B402447A74AE9767A /* Pods_MantleArrayExtensionTests.framework */,
			);
			name = Frameworks;
			sourceTree = "<group>";
		};
		4E8B85E66E042922879361B4 /* Pods */ = {
			isa = PBXGroup;
			children = (
				8ED6D9B35B13FDBCE0B2AF7C /* Pods-MantleArrayExtensionTests.debug.xcconfig */,
				E4D1EFE56F28CCF5700D7E54 /* Pods-MantleArrayExtensionTests.release.xcconfig */,
			);
			name = Pods;
			sourceTree = "<group>";
		};
		A456FC341E3A528D002EA7B0 = {
			isa = PBXGroup;
			children = (
				12105E5A6875B38B5DD0E40B /* Frameworks */,
				A456FC4E1E3A5375002EA7B0 /* MantleArrayExtensionTests */,
				4E8B85E66E042922879361B4 /* Pods */,
				A456FC4D1E3A5375002EA7B0 /* MantleArrayExtensionTests.xctest */,
			);
			sourceTree = "<group>";
		};
		A456FC4E1E3A5375002EA7B0 /* MantleArrayExtensionTests */ = {
			isa = PBXGroup;
			children = (
				A456FC621E3DA337002EA7B0 /* TestModels */,
				A456FC511E3A5375002EA7B0 /* Info.plist */,
				A456FC5F1E3DA2BA002EA7B0 /* MAEArrayAdapterTests.m */,
				A456FC6C1E3E0A31002EA7B0 /* MAEFragmentTests.m */,
				A456FC6A1E3DC589002EA7B0 /* MAESeparatedStringTests.m */,
				A456FC611E3DA2CD002EA7B0 /* MantleArrayExtension-Prefix.pch */,
			);
			path = MantleArrayExtensionTests;
			sourceTree = "<group>";
		};
		A456FC621E3DA337002EA7B0 /* TestModels */ = {
			isa = PBXGroup;
			children = (
				A456FC631E3DA35C002EA7B0 /* MAETModel.h */,
				A456FC641E3DA35C002EA7B0 /* MAETModel.m */,
			);
			path = TestModels;
			sourceTree = "<group>";
		};
/* End PBXGroup section */

/* Begin PBXNativeTarget section */
		A456FC4C1E3A5375002EA7B0 /* MantleArrayExtensionTests */ = {
			isa = PBXNativeTarget;
			buildConfigurationList = A456FC541E3A5375002EA7B0 /* Build configuration list for PBXNativeTarget "MantleArrayExtensionTests" */;
			buildPhases = (
				545FFCF1EFC6C61D21D8C3BF /* [CP] Check Pods Manifest.lock */,
				A456FC491E3A5375002EA7B0 /* Sources */,
				A456FC4A1E3A5375002EA7B0 /* Frameworks */,
				A456FC4B1E3A5375002EA7B0 /* Resources */,
				7427108A547DCF081C73A10D /* [CP] Embed Pods Frameworks */,
				662372991E39E3FCFCEAC2BC /* [CP] Copy Pods Resources */,
			);
			buildRules = (
			);
			dependencies = (
			);
			name = MantleArrayExtensionTests;
			productName = MantleArrayExtensionTests;
			productReference = A456FC4D1E3A5375002EA7B0 /* MantleArrayExtensionTests.xctest */;
			productType = "com.apple.product-type.bundle.unit-test";
		};
/* End PBXNativeTarget section */

/* Begin PBXProject section */
		A456FC351E3A528D002EA7B0 /* Project object */ = {
			isa = PBXProject;
			attributes = {
				LastUpgradeCheck = 0820;
				ORGANIZATIONNAME = "Hinagiku Soranoba";
				TargetAttributes = {
					A456FC4C1E3A5375002EA7B0 = {
						CreatedOnToolsVersion = 8.2.1;
						DevelopmentTeam = Q67BJ4H5A7;
						ProvisioningStyle = Automatic;
					};
				};
			};
			buildConfigurationList = A456FC381E3A528D002EA7B0 /* Build configuration list for PBXProject "MantleArrayExtension" */;
			compatibilityVersion = "Xcode 3.2";
			developmentRegion = English;
			hasScannedForEncodings = 0;
			knownRegions = (
				en,
			);
			mainGroup = A456FC341E3A528D002EA7B0;
			productRefGroup = A456FC341E3A528D002EA7B0;
			projectDirPath = "";
			projectRoot = "";
			targets = (
				A456FC4C1E3A5375002EA7B0 /* MantleArrayExtensionTests */,
			);
		};
/* End PBXProject section */

/* Begin PBXResourcesBuildPhase section */
		A456FC4B1E3A5375002EA7B0 /* Resources */ = {
			isa = PBXResourcesBuildPhase;
			buildActionMask = 2147483647;
			files = (
			);
			runOnlyForDeploymentPostprocessing = 0;
		};
/* End PBXResourcesBuildPhase section */

/* Begin PBXShellScriptBuildPhase section */
		545FFCF1EFC6C61D21D8C3BF /* [CP] Check Pods Manifest.lock */ = {
			isa = PBXShellScriptBuildPhase;
			buildActionMask = 2147483647;
			files = (
			);
			inputPaths = (
			);
			name = "[CP] Check Pods Manifest.lock";
			outputPaths = (
			);
			runOnlyForDeploymentPostprocessing = 0;
			shellPath = /bin/sh;
			shellScript = "diff \"${PODS_ROOT}/../Podfile.lock\" \"${PODS_ROOT}/Manifest.lock\" > /dev/null\nif [ $? != 0 ] ; then\n    # print error to STDERR\n    echo \"error: The sandbox is not in sync with the Podfile.lock. Run 'pod install' or update your CocoaPods installation.\" >&2\n    exit 1\nfi\n";
			showEnvVarsInLog = 0;
		};
		662372991E39E3FCFCEAC2BC /* [CP] Copy Pods Resources */ = {
			isa = PBXShellScriptBuildPhase;
			buildActionMask = 2147483647;
			files = (
			);
			inputPaths = (
			);
			name = "[CP] Copy Pods Resources";
			outputPaths = (
			);
			runOnlyForDeploymentPostprocessing = 0;
			shellPath = /bin/sh;
			shellScript = "\"${SRCROOT}/Pods/Target Support Files/Pods-MantleArrayExtensionTests/Pods-MantleArrayExtensionTests-resources.sh\"\n";
			showEnvVarsInLog = 0;
		};
		7427108A547DCF081C73A10D /* [CP] Embed Pods Frameworks */ = {
			isa = PBXShellScriptBuildPhase;
			buildActionMask = 2147483647;
			files = (
			);
			inputPaths = (
			);
			name = "[CP] Embed Pods Frameworks";
			outputPaths = (
			);
			runOnlyForDeploymentPostprocessing = 0;
			shellPath = /bin/sh;
			shellScript = "\"${SRCROOT}/Pods/Target Support Files/Pods-MantleArrayExtensionTests/Pods-MantleArrayExtensionTests-frameworks.sh\"\n";
			showEnvVarsInLog = 0;
		};
/* End PBXShellScriptBuildPhase section */

/* Begin PBXSourcesBuildPhase section */
		A456FC491E3A5375002EA7B0 /* Sources */ = {
			isa = PBXSourcesBuildPhase;
			buildActionMask = 2147483647;
			files = (
				A456FC651E3DA35C002EA7B0 /* MAETModel.m in Sources */,
				A456FC601E3DA2BA002EA7B0 /* MAEArrayAdapterTests.m in Sources */,
				A456FC6B1E3DC589002EA7B0 /* MAESeparatedStringTests.m in Sources */,
				A456FC6D1E3E0A31002EA7B0 /* MAEFragmentTests.m in Sources */,
			);
			runOnlyForDeploymentPostprocessing = 0;
		};
/* End PBXSourcesBuildPhase section */

/* Begin XCBuildConfiguration section */
		A456FC441E3A528D002EA7B0 /* Debug */ = {
			isa = XCBuildConfiguration;
			buildSettings = {
				ALWAYS_SEARCH_USER_PATHS = NO;
				CLANG_ANALYZER_NONNULL = YES;
				CLANG_CXX_LANGUAGE_STANDARD = "gnu++0x";
				CLANG_CXX_LIBRARY = "libc++";
				CLANG_ENABLE_MODULES = YES;
				CLANG_ENABLE_OBJC_ARC = YES;
				CLANG_WARN_BOOL_CONVERSION = YES;
				CLANG_WARN_CONSTANT_CONVERSION = YES;
				CLANG_WARN_DIRECT_OBJC_ISA_USAGE = YES_ERROR;
				CLANG_WARN_DOCUMENTATION_COMMENTS = YES;
				CLANG_WARN_EMPTY_BODY = YES;
				CLANG_WARN_ENUM_CONVERSION = YES;
				CLANG_WARN_INFINITE_RECURSION = YES;
				CLANG_WARN_INT_CONVERSION = YES;
				CLANG_WARN_OBJC_ROOT_CLASS = YES_ERROR;
				CLANG_WARN_SUSPICIOUS_MOVE = YES;
				CLANG_WARN_UNREACHABLE_CODE = YES;
				CLANG_WARN__DUPLICATE_METHOD_MATCH = YES;
				"CODE_SIGN_IDENTITY[sdk=iphoneos*]" = "iPhone Developer";
				COPY_PHASE_STRIP = NO;
				DEBUG_INFORMATION_FORMAT = dwarf;
				ENABLE_STRICT_OBJC_MSGSEND = YES;
				ENABLE_TESTABILITY = YES;
				GCC_C_LANGUAGE_STANDARD = gnu99;
				GCC_DYNAMIC_NO_PIC = NO;
				GCC_NO_COMMON_BLOCKS = YES;
				GCC_OPTIMIZATION_LEVEL = 0;
				GCC_PREPROCESSOR_DEFINITIONS = (
					"DEBUG=1",
					"$(inherited)",
				);
				GCC_WARN_64_TO_32_BIT_CONVERSION = YES;
				GCC_WARN_ABOUT_RETURN_TYPE = YES_ERROR;
				GCC_WARN_UNDECLARED_SELECTOR = YES;
				GCC_WARN_UNINITIALIZED_AUTOS = YES_AGGRESSIVE;
				GCC_WARN_UNUSED_FUNCTION = YES;
				GCC_WARN_UNUSED_VARIABLE = YES;
				IPHONEOS_DEPLOYMENT_TARGET = 10.2;
				MTL_ENABLE_DEBUG_INFO = YES;
				ONLY_ACTIVE_ARCH = YES;
				SDKROOT = iphoneos;
			};
			name = Debug;
		};
		A456FC451E3A528D002EA7B0 /* Release */ = {
			isa = XCBuildConfiguration;
			buildSettings = {
				ALWAYS_SEARCH_USER_PATHS = NO;
				CLANG_ANALYZER_NONNULL = YES;
				CLANG_CXX_LANGUAGE_STANDARD = "gnu++0x";
				CLANG_CXX_LIBRARY = "libc++";
				CLANG_ENABLE_MODULES = YES;
				CLANG_ENABLE_OBJC_ARC = YES;
				CLANG_WARN_BOOL_CONVERSION = YES;
				CLANG_WARN_CONSTANT_CONVERSION = YES;
				CLANG_WARN_DIRECT_OBJC_ISA_USAGE = YES_ERROR;
				CLANG_WARN_DOCUMENTATION_COMMENTS = YES;
				CLANG_WARN_EMPTY_BODY = YES;
				CLANG_WARN_ENUM_CONVERSION = YES;
				CLANG_WARN_INFINITE_RECURSION = YES;
				CLANG_WARN_INT_CONVERSION = YES;
				CLANG_WARN_OBJC_ROOT_CLASS = YES_ERROR;
				CLANG_WARN_SUSPICIOUS_MOVE = YES;
				CLANG_WARN_UNREACHABLE_CODE = YES;
				CLANG_WARN__DUPLICATE_METHOD_MATCH = YES;
				"CODE_SIGN_IDENTITY[sdk=iphoneos*]" = "iPhone Developer";
				COPY_PHASE_STRIP = NO;
				DEBUG_INFORMATION_FORMAT = "dwarf-with-dsym";
				ENABLE_NS_ASSERTIONS = NO;
				ENABLE_STRICT_OBJC_MSGSEND = YES;
				GCC_C_LANGUAGE_STANDARD = gnu99;
				GCC_NO_COMMON_BLOCKS = YES;
				GCC_WARN_64_TO_32_BIT_CONVERSION = YES;
				GCC_WARN_ABOUT_RETURN_TYPE = YES_ERROR;
				GCC_WARN_UNDECLARED_SELECTOR = YES;
				GCC_WARN_UNINITIALIZED_AUTOS = YES_AGGRESSIVE;
				GCC_WARN_UNUSED_FUNCTION = YES;
				GCC_WARN_UNUSED_VARIABLE = YES;
				IPHONEOS_DEPLOYMENT_TARGET = 10.2;
				MTL_ENABLE_DEBUG_INFO = NO;
				SDKROOT = iphoneos;
				VALIDATE_PRODUCT = YES;
			};
			name = Release;
		};
		A456FC521E3A5375002EA7B0 /* Debug */ = {
			isa = XCBuildConfiguration;
			baseConfigurationReference = 8ED6D9B35B13FDBCE0B2AF7C /* Pods-MantleArrayExtensionTests.debug.xcconfig */;
			buildSettings = {
				DEVELOPMENT_TEAM = Q67BJ4H5A7;
				GCC_PREFIX_HEADER = "MantleArrayExtensionTests/MantleArrayExtension-Prefix.pch";
				HEADER_SEARCH_PATHS = MantleArrayExtension/Classes/Private;
				INFOPLIST_FILE = MantleArrayExtensionTests/Info.plist;
				IPHONEOS_DEPLOYMENT_TARGET = 8.0;
				LD_RUNPATH_SEARCH_PATHS = "$(inherited) @executable_path/Frameworks @loader_path/Frameworks";
				PRODUCT_BUNDLE_IDENTIFIER = net.soranoba.MantleArrayExtensionTests;
				PRODUCT_NAME = "$(TARGET_NAME)";
			};
			name = Debug;
		};
		A456FC531E3A5375002EA7B0 /* Release */ = {
			isa = XCBuildConfiguration;
			baseConfigurationReference = E4D1EFE56F28CCF5700D7E54 /* Pods-MantleArrayExtensionTests.release.xcconfig */;
			buildSettings = {
				DEVELOPMENT_TEAM = Q67BJ4H5A7;
				GCC_PREFIX_HEADER = "MantleArrayExtensionTests/MantleArrayExtension-Prefix.pch";
				HEADER_SEARCH_PATHS = MantleArrayExtension/Classes/Private;
				INFOPLIST_FILE = MantleArrayExtensionTests/Info.plist;
				IPHONEOS_DEPLOYMENT_TARGET = 8.0;
				LD_RUNPATH_SEARCH_PATHS = "$(inherited) @executable_path/Frameworks @loader_path/Frameworks";
				PRODUCT_BUNDLE_IDENTIFIER = net.soranoba.MantleArrayExtensionTests;
				PRODUCT_NAME = "$(TARGET_NAME)";
			};
			name = Release;
		};
/* End XCBuildConfiguration section */

/* Begin XCConfigurationList section */
		A456FC381E3A528D002EA7B0 /* Build configuration list for PBXProject "MantleArrayExtension" */ = {
			isa = XCConfigurationList;
			buildConfigurations = (
				A456FC441E3A528D002EA7B0 /* Debug */,
				A456FC451E3A528D002EA7B0 /* Release */,
			);
			defaultConfigurationIsVisible = 0;
			defaultConfigurationName = Release;
		};
		A456FC541E3A5375002EA7B0 /* Build configuration list for PBXNativeTarget "MantleArrayExtensionTests" */ = {
			isa = XCConfigurationList;
			buildConfigurations = (
				A456FC521E3A5375002EA7B0 /* Debug */,
				A456FC531E3A5375002EA7B0 /* Release */,
			);
			defaultConfigurationIsVisible = 0;
			defaultConfigurationName = Release;
		};
/* End XCConfigurationList section */
	};
	rootObject = A456FC351E3A528D002EA7B0 /* Project object */;
}
